// !$*UTF8*$!
{
	archiveVersion = 1;
	classes = {
	};
	objectVersion = 45;
	objects = {

/* Begin PBXBuildFile section */
		1D3623260D0F684500981E51 /* SimpleDrillDownAppDelegate.m in Sources */ = {isa = PBXBuildFile; fileRef = 1D3623250D0F684500981E51 /* SimpleDrillDownAppDelegate.m */; };
		1D3623EC0D0F72F000981E51 /* CoreGraphics.framework in Frameworks */ = {isa = PBXBuildFile; fileRef = 1D3623EB0D0F72F000981E51 /* CoreGraphics.framework */; };
		1D60589B0D05DD56006BFB54 /* main.m in Sources */ = {isa = PBXBuildFile; fileRef = 29B97316FDCFA39411CA2CEA /* main.m */; };
		1D60589F0D05DD5A006BFB54 /* Foundation.framework in Frameworks */ = {isa = PBXBuildFile; fileRef = 1D30AB110D05D00D00671497 /* Foundation.framework */; };
		1DF5F4E00D08C38300B7A737 /* UIKit.framework in Frameworks */ = {isa = PBXBuildFile; fileRef = 1DF5F4DF0D08C38300B7A737 /* UIKit.framework */; };
		282DE87B0D999CA700F5050D /* RootViewController.m in Sources */ = {isa = PBXBuildFile; fileRef = 282DE8790D999CA700F5050D /* RootViewController.m */; };
		2846CFC80DBFDD18009410C2 /* Localizable.strings in Resources */ = {isa = PBXBuildFile; fileRef = 2846CFC60DBFDD18009410C2 /* Localizable.strings */; };
		28554E2C0DAC293600168C19 /* Icon.png in Resources */ = {isa = PBXBuildFile; fileRef = 28554E2B0DAC293600168C19 /* Icon.png */; };
		28A0A2200DCBAA090060EDFB /* Default.png in Resources */ = {isa = PBXBuildFile; fileRef = 28A0A21F0DCBAA090060EDFB /* Default.png */; };
		53A3862B0E6DD89B002F7F09 /* MainWindow.xib in Resources */ = {isa = PBXBuildFile; fileRef = 53A386290E6DD89B002F7F09 /* MainWindow.xib */; };
		CE37503A0F5349F00019F48E /* Entitlements.plist in Resources */ = {isa = PBXBuildFile; fileRef = CE3750390F5349F00019F48E /* Entitlements.plist */; };
		CE77F4BE0F08896A00F7B285 /* EC2RequestDelegate.m in Sources */ = {isa = PBXBuildFile; fileRef = CE77F4BD0F08896A00F7B285 /* EC2RequestDelegate.m */; };
		CE859DC20F0A150400D10082 /* sha1.c in Sources */ = {isa = PBXBuildFile; fileRef = CE859DC00F0A150400D10082 /* sha1.c */; };
		CE859DC40F0A157C00D10082 /* hmac-sha1.c in Sources */ = {isa = PBXBuildFile; fileRef = CE859DC30F0A157C00D10082 /* hmac-sha1.c */; };
		CE859F080F0A23E700D10082 /* base64.c in Sources */ = {isa = PBXBuildFile; fileRef = CE859F060F0A23E700D10082 /* base64.c */; };
		CE859FE10F0AD33600D10082 /* LabelCell.m in Sources */ = {isa = PBXBuildFile; fileRef = CE859FE00F0AD33600D10082 /* LabelCell.m */; };
		CE85A3720F0BEEEA00D10082 /* TableSelectionViewController.m in Sources */ = {isa = PBXBuildFile; fileRef = CE85A3710F0BEEEA00D10082 /* TableSelectionViewController.m */; };
		CE85A3930F0BF39000D10082 /* CheckCell.m in Sources */ = {isa = PBXBuildFile; fileRef = CE85A3920F0BF39000D10082 /* CheckCell.m */; };
		CE85A8400F0DBC2600D10082 /* TableTextFieldViewController.m in Sources */ = {isa = PBXBuildFile; fileRef = CE85A83F0F0DBC2600D10082 /* TableTextFieldViewController.m */; };
		CE85AAE20F0DE8A400D10082 /* TableMultiSelectionViewController.m in Sources */ = {isa = PBXBuildFile; fileRef = CE85AAE10F0DE8A400D10082 /* TableMultiSelectionViewController.m */; };
		CED12B560EFEF5600083619D /* AddInstancesViewController.m in Sources */ = {isa = PBXBuildFile; fileRef = CED12B550EFEF5600083619D /* AddInstancesViewController.m */; };
		CED12BE50EFF05190083619D /* EC2DataController.m in Sources */ = {isa = PBXBuildFile; fileRef = CED12BE40EFF05190083619D /* EC2DataController.m */; };
		CED12FD00F00381D0083619D /* DetailCell.m in Sources */ = {isa = PBXBuildFile; fileRef = CED12FCF0F00381D0083619D /* DetailCell.m */; };
		CED498BC0EFB566E000D0551 /* InstanceGroupSetViewController.m in Sources */ = {isa = PBXBuildFile; fileRef = CED498BB0EFB566E000D0551 /* InstanceGroupSetViewController.m */; };
		CED4992C0EFB5B01000D0551 /* AWSAccount.m in Sources */ = {isa = PBXBuildFile; fileRef = CED4992B0EFB5B01000D0551 /* AWSAccount.m */; };
		CED4992F0EFB5BE8000D0551 /* EC2Instance.m in Sources */ = {isa = PBXBuildFile; fileRef = CED4992E0EFB5BE8000D0551 /* EC2Instance.m */; };
		CED499320EFB5C2A000D0551 /* EC2InstanceGroup.m in Sources */ = {isa = PBXBuildFile; fileRef = CED499310EFB5C2A000D0551 /* EC2InstanceGroup.m */; };
		CED49BDB0EFB84D9000D0551 /* InstanceGroupViewController.m in Sources */ = {isa = PBXBuildFile; fileRef = CED49BDA0EFB84D9000D0551 /* InstanceGroupViewController.m */; };
		CED49D2F0EFB936A000D0551 /* InstanceViewController.m in Sources */ = {isa = PBXBuildFile; fileRef = CED49D2E0EFB936A000D0551 /* InstanceViewController.m */; };
		CED49F5C0EFC9398000D0551 /* up.png in Resources */ = {isa = PBXBuildFile; fileRef = CED49F5A0EFC9398000D0551 /* up.png */; };
		CED49F5D0EFC9398000D0551 /* down.png in Resources */ = {isa = PBXBuildFile; fileRef = CED49F5B0EFC9398000D0551 /* down.png */; };
		CED49FBA0EFC9761000D0551 /* AccountsController.m in Sources */ = {isa = PBXBuildFile; fileRef = CED49FB90EFC9761000D0551 /* AccountsController.m */; };
		CED4A11B0EFCA782000D0551 /* AddAccountView.xib in Resources */ = {isa = PBXBuildFile; fileRef = CED4A11A0EFCA782000D0551 /* AddAccountView.xib */; };
		CED4A1360EFCA9B0000D0551 /* AddAccountViewController.m in Sources */ = {isa = PBXBuildFile; fileRef = CED4A1350EFCA9B0000D0551 /* AddAccountViewController.m */; };
/* End PBXBuildFile section */

/* Begin PBXFileReference section */
		1D30AB110D05D00D00671497 /* Foundation.framework */ = {isa = PBXFileReference; lastKnownFileType = wrapper.framework; name = Foundation.framework; path = System/Library/Frameworks/Foundation.framework; sourceTree = SDKROOT; };
		1D3623240D0F684500981E51 /* SimpleDrillDownAppDelegate.h */ = {isa = PBXFileReference; fileEncoding = 4; lastKnownFileType = sourcecode.c.h; path = SimpleDrillDownAppDelegate.h; sourceTree = "<group>"; };
		1D3623250D0F684500981E51 /* SimpleDrillDownAppDelegate.m */ = {isa = PBXFileReference; fileEncoding = 4; lastKnownFileType = sourcecode.c.objc; path = SimpleDrillDownAppDelegate.m; sourceTree = "<group>"; };
		1D3623EB0D0F72F000981E51 /* CoreGraphics.framework */ = {isa = PBXFileReference; lastKnownFileType = wrapper.framework; name = CoreGraphics.framework; path = System/Library/Frameworks/CoreGraphics.framework; sourceTree = SDKROOT; };
		1D6058910D05DD3D006BFB54 /* SimpleDrillDown.app */ = {isa = PBXFileReference; explicitFileType = wrapper.application; includeInIndex = 0; path = SimpleDrillDown.app; sourceTree = BUILT_PRODUCTS_DIR; };
		1DF5F4DF0D08C38300B7A737 /* UIKit.framework */ = {isa = PBXFileReference; lastKnownFileType = wrapper.framework; name = UIKit.framework; path = System/Library/Frameworks/UIKit.framework; sourceTree = SDKROOT; };
		282DE8790D999CA700F5050D /* RootViewController.m */ = {isa = PBXFileReference; fileEncoding = 4; lastKnownFileType = sourcecode.c.objc; path = RootViewController.m; sourceTree = "<group>"; };
		282DE87A0D999CA700F5050D /* RootViewController.h */ = {isa = PBXFileReference; fileEncoding = 4; lastKnownFileType = sourcecode.c.h; path = RootViewController.h; sourceTree = "<group>"; };
		2846CFC70DBFDD18009410C2 /* en */ = {isa = PBXFileReference; fileEncoding = 10; lastKnownFileType = text.plist.strings; name = en; path = en.lproj/Localizable.strings; sourceTree = "<group>"; };
		28554E2B0DAC293600168C19 /* Icon.png */ = {isa = PBXFileReference; lastKnownFileType = image.png; path = Icon.png; sourceTree = "<group>"; };
		28A0A21F0DCBAA090060EDFB /* Default.png */ = {isa = PBXFileReference; lastKnownFileType = image.png; path = Default.png; sourceTree = "<group>"; };
		29B97316FDCFA39411CA2CEA /* main.m */ = {isa = PBXFileReference; fileEncoding = 4; lastKnownFileType = sourcecode.c.objc; path = main.m; sourceTree = "<group>"; };
		32CA4F630368D1EE00C91783 /* SimpleDrillDown_Prefix.pch */ = {isa = PBXFileReference; fileEncoding = 4; lastKnownFileType = sourcecode.c.h; path = SimpleDrillDown_Prefix.pch; sourceTree = "<group>"; };
		53A3862A0E6DD89B002F7F09 /* en */ = {isa = PBXFileReference; lastKnownFileType = file.xib; name = en; path = en.lproj/MainWindow.xib; sourceTree = "<group>"; };
		8D1107310486CEB800E47090 /* Info.plist */ = {isa = PBXFileReference; fileEncoding = 4; lastKnownFileType = text.plist.xml; path = Info.plist; sourceTree = "<group>"; };
		CE3750390F5349F00019F48E /* Entitlements.plist */ = {isa = PBXFileReference; fileEncoding = 4; lastKnownFileType = text.plist.xml; path = Entitlements.plist; sourceTree = "<group>"; };
		CE77F4BC0F08896A00F7B285 /* EC2RequestDelegate.h */ = {isa = PBXFileReference; fileEncoding = 4; lastKnownFileType = sourcecode.c.h; path = EC2RequestDelegate.h; sourceTree = "<group>"; };
		CE77F4BD0F08896A00F7B285 /* EC2RequestDelegate.m */ = {isa = PBXFileReference; fileEncoding = 4; lastKnownFileType = sourcecode.c.objc; path = EC2RequestDelegate.m; sourceTree = "<group>"; };
		CE859DBF0F0A150400D10082 /* hmac.h */ = {isa = PBXFileReference; fileEncoding = 4; lastKnownFileType = sourcecode.c.h; path = hmac.h; sourceTree = "<group>"; };
		CE859DC00F0A150400D10082 /* sha1.c */ = {isa = PBXFileReference; fileEncoding = 4; lastKnownFileType = sourcecode.c.c; path = sha1.c; sourceTree = "<group>"; };
		CE859DC10F0A150400D10082 /* sha1.h */ = {isa = PBXFileReference; fileEncoding = 4; lastKnownFileType = sourcecode.c.h; path = sha1.h; sourceTree = "<group>"; };
		CE859DC30F0A157C00D10082 /* hmac-sha1.c */ = {isa = PBXFileReference; fileEncoding = 4; lastKnownFileType = sourcecode.c.c; path = "hmac-sha1.c"; sourceTree = "<group>"; };
		CE859F060F0A23E700D10082 /* base64.c */ = {isa = PBXFileReference; fileEncoding = 4; lastKnownFileType = sourcecode.c.c; path = base64.c; sourceTree = "<group>"; };
		CE859F070F0A23E700D10082 /* base64.h */ = {isa = PBXFileReference; fileEncoding = 4; lastKnownFileType = sourcecode.c.h; path = base64.h; sourceTree = "<group>"; };
		CE859FDF0F0AD33600D10082 /* LabelCell.h */ = {isa = PBXFileReference; fileEncoding = 4; lastKnownFileType = sourcecode.c.h; path = LabelCell.h; sourceTree = "<group>"; };
		CE859FE00F0AD33600D10082 /* LabelCell.m */ = {isa = PBXFileReference; fileEncoding = 4; lastKnownFileType = sourcecode.c.objc; path = LabelCell.m; sourceTree = "<group>"; };
		CE85A3700F0BEEEA00D10082 /* TableSelectionViewController.h */ = {isa = PBXFileReference; fileEncoding = 4; lastKnownFileType = sourcecode.c.h; path = TableSelectionViewController.h; sourceTree = "<group>"; };
		CE85A3710F0BEEEA00D10082 /* TableSelectionViewController.m */ = {isa = PBXFileReference; fileEncoding = 4; lastKnownFileType = sourcecode.c.objc; path = TableSelectionViewController.m; sourceTree = "<group>"; };
		CE85A3910F0BF39000D10082 /* CheckCell.h */ = {isa = PBXFileReference; fileEncoding = 4; lastKnownFileType = sourcecode.c.h; path = CheckCell.h; sourceTree = "<group>"; };
		CE85A3920F0BF39000D10082 /* CheckCell.m */ = {isa = PBXFileReference; fileEncoding = 4; lastKnownFileType = sourcecode.c.objc; path = CheckCell.m; sourceTree = "<group>"; };
		CE85A83E0F0DBC2600D10082 /* TableTextFieldViewController.h */ = {isa = PBXFileReference; fileEncoding = 4; lastKnownFileType = sourcecode.c.h; path = TableTextFieldViewController.h; sourceTree = "<group>"; };
		CE85A83F0F0DBC2600D10082 /* TableTextFieldViewController.m */ = {isa = PBXFileReference; fileEncoding = 4; lastKnownFileType = sourcecode.c.objc; path = TableTextFieldViewController.m; sourceTree = "<group>"; };
		CE85AAE00F0DE8A400D10082 /* TableMultiSelectionViewController.h */ = {isa = PBXFileReference; fileEncoding = 4; lastKnownFileType = sourcecode.c.h; path = TableMultiSelectionViewController.h; sourceTree = "<group>"; };
		CE85AAE10F0DE8A400D10082 /* TableMultiSelectionViewController.m */ = {isa = PBXFileReference; fileEncoding = 4; lastKnownFileType = sourcecode.c.objc; path = TableMultiSelectionViewController.m; sourceTree = "<group>"; };
		CED12B540EFEF5600083619D /* AddInstancesViewController.h */ = {isa = PBXFileReference; fileEncoding = 4; lastKnownFileType = sourcecode.c.h; path = AddInstancesViewController.h; sourceTree = "<group>"; };
		CED12B550EFEF5600083619D /* AddInstancesViewController.m */ = {isa = PBXFileReference; fileEncoding = 4; lastKnownFileType = sourcecode.c.objc; path = AddInstancesViewController.m; sourceTree = "<group>"; };
		CED12BE30EFF05190083619D /* EC2DataController.h */ = {isa = PBXFileReference; fileEncoding = 4; lastKnownFileType = sourcecode.c.h; path = EC2DataController.h; sourceTree = "<group>"; };
		CED12BE40EFF05190083619D /* EC2DataController.m */ = {isa = PBXFileReference; fileEncoding = 4; lastKnownFileType = sourcecode.c.objc; path = EC2DataController.m; sourceTree = "<group>"; };
		CED12FCE0F00381D0083619D /* DetailCell.h */ = {isa = PBXFileReference; fileEncoding = 4; lastKnownFileType = sourcecode.c.h; path = DetailCell.h; sourceTree = "<group>"; };
		CED12FCF0F00381D0083619D /* DetailCell.m */ = {isa = PBXFileReference; fileEncoding = 4; lastKnownFileType = sourcecode.c.objc; path = DetailCell.m; sourceTree = "<group>"; };
		CED498BA0EFB566E000D0551 /* InstanceGroupSetViewController.h */ = {isa = PBXFileReference; fileEncoding = 4; lastKnownFileType = sourcecode.c.h; path = InstanceGroupSetViewController.h; sourceTree = "<group>"; };
		CED498BB0EFB566E000D0551 /* InstanceGroupSetViewController.m */ = {isa = PBXFileReference; fileEncoding = 4; lastKnownFileType = sourcecode.c.objc; path = InstanceGroupSetViewController.m; sourceTree = "<group>"; };
		CED4992A0EFB5B01000D0551 /* AWSAccount.h */ = {isa = PBXFileReference; fileEncoding = 4; lastKnownFileType = sourcecode.c.h; path = AWSAccount.h; sourceTree = "<group>"; };
		CED4992B0EFB5B01000D0551 /* AWSAccount.m */ = {isa = PBXFileReference; fileEncoding = 4; lastKnownFileType = sourcecode.c.objc; path = AWSAccount.m; sourceTree = "<group>"; };
		CED4992D0EFB5BE8000D0551 /* EC2Instance.h */ = {isa = PBXFileReference; fileEncoding = 4; lastKnownFileType = sourcecode.c.h; path = EC2Instance.h; sourceTree = "<group>"; };
		CED4992E0EFB5BE8000D0551 /* EC2Instance.m */ = {isa = PBXFileReference; fileEncoding = 4; lastKnownFileType = sourcecode.c.objc; path = EC2Instance.m; sourceTree = "<group>"; };
		CED499300EFB5C2A000D0551 /* EC2InstanceGroup.h */ = {isa = PBXFileReference; fileEncoding = 4; lastKnownFileType = sourcecode.c.h; path = EC2InstanceGroup.h; sourceTree = "<group>"; };
		CED499310EFB5C2A000D0551 /* EC2InstanceGroup.m */ = {isa = PBXFileReference; fileEncoding = 4; lastKnownFileType = sourcecode.c.objc; path = EC2InstanceGroup.m; sourceTree = "<group>"; };
		CED49BD90EFB84D9000D0551 /* InstanceGroupViewController.h */ = {isa = PBXFileReference; fileEncoding = 4; lastKnownFileType = sourcecode.c.h; path = InstanceGroupViewController.h; sourceTree = "<group>"; };
		CED49BDA0EFB84D9000D0551 /* InstanceGroupViewController.m */ = {isa = PBXFileReference; fileEncoding = 4; lastKnownFileType = sourcecode.c.objc; path = InstanceGroupViewController.m; sourceTree = "<group>"; };
		CED49D2D0EFB936A000D0551 /* InstanceViewController.h */ = {isa = PBXFileReference; fileEncoding = 4; lastKnownFileType = sourcecode.c.h; path = InstanceViewController.h; sourceTree = "<group>"; };
		CED49D2E0EFB936A000D0551 /* InstanceViewController.m */ = {isa = PBXFileReference; fileEncoding = 4; lastKnownFileType = sourcecode.c.objc; path = InstanceViewController.m; sourceTree = "<group>"; };
		CED49F5A0EFC9398000D0551 /* up.png */ = {isa = PBXFileReference; lastKnownFileType = image.png; path = up.png; sourceTree = "<group>"; };
		CED49F5B0EFC9398000D0551 /* down.png */ = {isa = PBXFileReference; lastKnownFileType = image.png; path = down.png; sourceTree = "<group>"; };
		CED49FB80EFC9761000D0551 /* AccountsController.h */ = {isa = PBXFileReference; fileEncoding = 4; lastKnownFileType = sourcecode.c.h; path = AccountsController.h; sourceTree = "<group>"; };
		CED49FB90EFC9761000D0551 /* AccountsController.m */ = {isa = PBXFileReference; fileEncoding = 4; lastKnownFileType = sourcecode.c.objc; path = AccountsController.m; sourceTree = "<group>"; };
		CED4A11A0EFCA782000D0551 /* AddAccountView.xib */ = {isa = PBXFileReference; lastKnownFileType = file.xib; path = AddAccountView.xib; sourceTree = "<group>"; };
		CED4A1340EFCA9B0000D0551 /* AddAccountViewController.h */ = {isa = PBXFileReference; fileEncoding = 4; lastKnownFileType = sourcecode.c.h; path = AddAccountViewController.h; sourceTree = "<group>"; };
		CED4A1350EFCA9B0000D0551 /* AddAccountViewController.m */ = {isa = PBXFileReference; fileEncoding = 4; lastKnownFileType = sourcecode.c.objc; path = AddAccountViewController.m; sourceTree = "<group>"; };
/* End PBXFileReference section */

/* Begin PBXFrameworksBuildPhase section */
		1D60588F0D05DD3D006BFB54 /* Frameworks */ = {
			isa = PBXFrameworksBuildPhase;
			buildActionMask = 2147483647;
			files = (
				1D60589F0D05DD5A006BFB54 /* Foundation.framework in Frameworks */,
				1DF5F4E00D08C38300B7A737 /* UIKit.framework in Frameworks */,
				1D3623EC0D0F72F000981E51 /* CoreGraphics.framework in Frameworks */,
			);
			runOnlyForDeploymentPostprocessing = 0;
		};
/* End PBXFrameworksBuildPhase section */

/* Begin PBXGroup section */
		080E96DDFE201D6D7F000001 /* Classes */ = {
			isa = PBXGroup;
			children = (
				CE859F3E0F0AC17500D10082 /* Encryption */,
				CE77F17A0F0762F100F7B285 /* Views */,
				CED49F860EFC9697000D0551 /* ViewControllers */,
				CED49F910EFC96C2000D0551 /* DataControllers */,
				CED12B5B0EFEF6DE0083619D /* EC2 */,
				1D3623240D0F684500981E51 /* SimpleDrillDownAppDelegate.h */,
				1D3623250D0F684500981E51 /* SimpleDrillDownAppDelegate.m */,
			);
			path = Classes;
			sourceTree = "<group>";
		};
		19C28FACFE9D520D11CA2CBB /* Products */ = {
			isa = PBXGroup;
			children = (
				1D6058910D05DD3D006BFB54 /* SimpleDrillDown.app */,
			);
			name = Products;
			sourceTree = "<group>";
		};
		29B97314FDCFA39411CA2CEA /* CustomTemplate */ = {
			isa = PBXGroup;
			children = (
				CE3750390F5349F00019F48E /* Entitlements.plist */,
				080E96DDFE201D6D7F000001 /* Classes */,
				29B97315FDCFA39411CA2CEA /* Other Sources */,
				29B97317FDCFA39411CA2CEA /* Resources */,
				29B97323FDCFA39411CA2CEA /* Frameworks */,
				19C28FACFE9D520D11CA2CBB /* Products */,
			);
			name = CustomTemplate;
			sourceTree = "<group>";
		};
		29B97315FDCFA39411CA2CEA /* Other Sources */ = {
			isa = PBXGroup;
			children = (
				32CA4F630368D1EE00C91783 /* SimpleDrillDown_Prefix.pch */,
				29B97316FDCFA39411CA2CEA /* main.m */,
			);
			name = "Other Sources";
			sourceTree = "<group>";
		};
		29B97317FDCFA39411CA2CEA /* Resources */ = {
			isa = PBXGroup;
			children = (
				53A386290E6DD89B002F7F09 /* MainWindow.xib */,
				28A0A21F0DCBAA090060EDFB /* Default.png */,
				CED49F5A0EFC9398000D0551 /* up.png */,
				CED49F5B0EFC9398000D0551 /* down.png */,
				28554E2B0DAC293600168C19 /* Icon.png */,
				8D1107310486CEB800E47090 /* Info.plist */,
				2846CFC60DBFDD18009410C2 /* Localizable.strings */,
				CED4A11A0EFCA782000D0551 /* AddAccountView.xib */,
			);
			name = Resources;
			sourceTree = "<group>";
		};
		29B97323FDCFA39411CA2CEA /* Frameworks */ = {
			isa = PBXGroup;
			children = (
				1D3623EB0D0F72F000981E51 /* CoreGraphics.framework */,
				1DF5F4DF0D08C38300B7A737 /* UIKit.framework */,
				1D30AB110D05D00D00671497 /* Foundation.framework */,
			);
			name = Frameworks;
			sourceTree = "<group>";
		};
		CE77F17A0F0762F100F7B285 /* Views */ = {
			isa = PBXGroup;
			children = (
				CED12FCE0F00381D0083619D /* DetailCell.h */,
				CED12FCF0F00381D0083619D /* DetailCell.m */,
				CE859FDF0F0AD33600D10082 /* LabelCell.h */,
				CE859FE00F0AD33600D10082 /* LabelCell.m */,
				CE85A3910F0BF39000D10082 /* CheckCell.h */,
				CE85A3920F0BF39000D10082 /* CheckCell.m */,
			);
			name = Views;
			sourceTree = "<group>";
		};
		CE859F3E0F0AC17500D10082 /* Encryption */ = {
			isa = PBXGroup;
			children = (
				CE859F060F0A23E700D10082 /* base64.c */,
				CE859F070F0A23E700D10082 /* base64.h */,
				CE859DC30F0A157C00D10082 /* hmac-sha1.c */,
				CE859DBF0F0A150400D10082 /* hmac.h */,
				CE859DC00F0A150400D10082 /* sha1.c */,
				CE859DC10F0A150400D10082 /* sha1.h */,
			);
			name = Encryption;
			sourceTree = "<group>";
		};
		CED12B5B0EFEF6DE0083619D /* EC2 */ = {
			isa = PBXGroup;
			children = (
				CE77F4BC0F08896A00F7B285 /* EC2RequestDelegate.h */,
				CE77F4BD0F08896A00F7B285 /* EC2RequestDelegate.m */,
				CED4992A0EFB5B01000D0551 /* AWSAccount.h */,
				CED4992B0EFB5B01000D0551 /* AWSAccount.m */,
				CED499300EFB5C2A000D0551 /* EC2InstanceGroup.h */,
				CED499310EFB5C2A000D0551 /* EC2InstanceGroup.m */,
				CED4992D0EFB5BE8000D0551 /* EC2Instance.h */,
				CED4992E0EFB5BE8000D0551 /* EC2Instance.m */,
			);
			name = EC2;
			sourceTree = "<group>";
		};
		CED49F860EFC9697000D0551 /* ViewControllers */ = {
			isa = PBXGroup;
			children = (
				282DE87A0D999CA700F5050D /* RootViewController.h */,
				282DE8790D999CA700F5050D /* RootViewController.m */,
				CED4A1340EFCA9B0000D0551 /* AddAccountViewController.h */,
				CED4A1350EFCA9B0000D0551 /* AddAccountViewController.m */,
				CED498BA0EFB566E000D0551 /* InstanceGroupSetViewController.h */,
				CED498BB0EFB566E000D0551 /* InstanceGroupSetViewController.m */,
				CED12B540EFEF5600083619D /* AddInstancesViewController.h */,
				CED12B550EFEF5600083619D /* AddInstancesViewController.m */,
				CED49BD90EFB84D9000D0551 /* InstanceGroupViewController.h */,
				CED49BDA0EFB84D9000D0551 /* InstanceGroupViewController.m */,
				CED49D2D0EFB936A000D0551 /* InstanceViewController.h */,
				CED49D2E0EFB936A000D0551 /* InstanceViewController.m */,
				CE85A3700F0BEEEA00D10082 /* TableSelectionViewController.h */,
				CE85A3710F0BEEEA00D10082 /* TableSelectionViewController.m */,
				CE85A83E0F0DBC2600D10082 /* TableTextFieldViewController.h */,
				CE85A83F0F0DBC2600D10082 /* TableTextFieldViewController.m */,
				CE85AAE00F0DE8A400D10082 /* TableMultiSelectionViewController.h */,
				CE85AAE10F0DE8A400D10082 /* TableMultiSelectionViewController.m */,
			);
			name = ViewControllers;
			sourceTree = "<group>";
		};
		CED49F910EFC96C2000D0551 /* DataControllers */ = {
			isa = PBXGroup;
			children = (
				CED12BE30EFF05190083619D /* EC2DataController.h */,
				CED12BE40EFF05190083619D /* EC2DataController.m */,
				CED49FB80EFC9761000D0551 /* AccountsController.h */,
				CED49FB90EFC9761000D0551 /* AccountsController.m */,
			);
			name = DataControllers;
			sourceTree = "<group>";
		};
/* End PBXGroup section */

/* Begin PBXNativeTarget section */
		1D6058900D05DD3D006BFB54 /* ec2Phone */ = {
			isa = PBXNativeTarget;
			buildConfigurationList = 1D6058960D05DD3E006BFB54 /* Build configuration list for PBXNativeTarget "ec2Phone" */;
			buildPhases = (
				1D60588D0D05DD3D006BFB54 /* Resources */,
				1D60588E0D05DD3D006BFB54 /* Sources */,
				1D60588F0D05DD3D006BFB54 /* Frameworks */,
			);
			buildRules = (
			);
			dependencies = (
			);
			name = ec2Phone;
			productName = SimpleDrillDown;
			productReference = 1D6058910D05DD3D006BFB54 /* SimpleDrillDown.app */;
			productType = "com.apple.product-type.application";
		};
/* End PBXNativeTarget section */

/* Begin PBXProject section */
		29B97313FDCFA39411CA2CEA /* Project object */ = {
			isa = PBXProject;
			attributes = {
				BuildIndependentTargetsInParallel = YES;
			};
			buildConfigurationList = C01FCF4E08A954540054247B /* Build configuration list for PBXProject "SimpleDrillDown" */;
			compatibilityVersion = "Xcode 3.1";
			hasScannedForEncodings = 1;
			knownRegions = (
				English,
				Japanese,
				French,
				German,
				en,
			);
			mainGroup = 29B97314FDCFA39411CA2CEA /* CustomTemplate */;
			projectDirPath = "";
			projectRoot = "";
			targets = (
				1D6058900D05DD3D006BFB54 /* ec2Phone */,
			);
		};
/* End PBXProject section */

/* Begin PBXResourcesBuildPhase section */
		1D60588D0D05DD3D006BFB54 /* Resources */ = {
			isa = PBXResourcesBuildPhase;
			buildActionMask = 2147483647;
			files = (
				28554E2C0DAC293600168C19 /* Icon.png in Resources */,
				2846CFC80DBFDD18009410C2 /* Localizable.strings in Resources */,
				28A0A2200DCBAA090060EDFB /* Default.png in Resources */,
				53A3862B0E6DD89B002F7F09 /* MainWindow.xib in Resources */,
				CED49F5C0EFC9398000D0551 /* up.png in Resources */,
				CED49F5D0EFC9398000D0551 /* down.png in Resources */,
				CED4A11B0EFCA782000D0551 /* AddAccountView.xib in Resources */,
				CE37503A0F5349F00019F48E /* Entitlements.plist in Resources */,
			);
			runOnlyForDeploymentPostprocessing = 0;
		};
/* End PBXResourcesBuildPhase section */

/* Begin PBXSourcesBuildPhase section */
		1D60588E0D05DD3D006BFB54 /* Sources */ = {
			isa = PBXSourcesBuildPhase;
			buildActionMask = 2147483647;
			files = (
				1D60589B0D05DD56006BFB54 /* main.m in Sources */,
				1D3623260D0F684500981E51 /* SimpleDrillDownAppDelegate.m in Sources */,
				282DE87B0D999CA700F5050D /* RootViewController.m in Sources */,
				CED498BC0EFB566E000D0551 /* InstanceGroupSetViewController.m in Sources */,
				CED4992C0EFB5B01000D0551 /* AWSAccount.m in Sources */,
				CED4992F0EFB5BE8000D0551 /* EC2Instance.m in Sources */,
				CED499320EFB5C2A000D0551 /* EC2InstanceGroup.m in Sources */,
				CED49BDB0EFB84D9000D0551 /* InstanceGroupViewController.m in Sources */,
				CED49D2F0EFB936A000D0551 /* InstanceViewController.m in Sources */,
				CED49FBA0EFC9761000D0551 /* AccountsController.m in Sources */,
				CED4A1360EFCA9B0000D0551 /* AddAccountViewController.m in Sources */,
				CED12B560EFEF5600083619D /* AddInstancesViewController.m in Sources */,
				CED12BE50EFF05190083619D /* EC2DataController.m in Sources */,
				CED12FD00F00381D0083619D /* DetailCell.m in Sources */,
				CE77F4BE0F08896A00F7B285 /* EC2RequestDelegate.m in Sources */,
				CE859DC20F0A150400D10082 /* sha1.c in Sources */,
				CE859DC40F0A157C00D10082 /* hmac-sha1.c in Sources */,
				CE859F080F0A23E700D10082 /* base64.c in Sources */,
				CE859FE10F0AD33600D10082 /* LabelCell.m in Sources */,
				CE85A3720F0BEEEA00D10082 /* TableSelectionViewController.m in Sources */,
				CE85A3930F0BF39000D10082 /* CheckCell.m in Sources */,
				CE85A8400F0DBC2600D10082 /* TableTextFieldViewController.m in Sources */,
				CE85AAE20F0DE8A400D10082 /* TableMultiSelectionViewController.m in Sources */,
			);
			runOnlyForDeploymentPostprocessing = 0;
		};
/* End PBXSourcesBuildPhase section */

/* Begin PBXVariantGroup section */
		2846CFC60DBFDD18009410C2 /* Localizable.strings */ = {
			isa = PBXVariantGroup;
			children = (
				2846CFC70DBFDD18009410C2 /* en */,
			);
			name = Localizable.strings;
			sourceTree = "<group>";
		};
		53A386290E6DD89B002F7F09 /* MainWindow.xib */ = {
			isa = PBXVariantGroup;
			children = (
				53A3862A0E6DD89B002F7F09 /* en */,
			);
			name = MainWindow.xib;
			sourceTree = "<group>";
		};
/* End PBXVariantGroup section */

/* Begin XCBuildConfiguration section */
		1D6058940D05DD3E006BFB54 /* Debug */ = {
			isa = XCBuildConfiguration;
			buildSettings = {
				COPY_PHASE_STRIP = NO;
				DEBUG_INFORMATION_FORMAT = "dwarf-with-dsym";
				GCC_DYNAMIC_NO_PIC = NO;
				GCC_ENABLE_FIX_AND_CONTINUE = NO;
				GCC_OPTIMIZATION_LEVEL = 0;
				GCC_PRECOMPILE_PREFIX_HEADER = YES;
				GCC_PREFIX_HEADER = SimpleDrillDown_Prefix.pch;
				INFOPLIST_FILE = Info.plist;
				LIBRARY_SEARCH_PATHS = (
					"$(inherited)",
					/opt/local/lib,
					"\"$(SRCROOT)\"",
				);
				PREBINDING = NO;
				PRODUCT_NAME = SimpleDrillDown;
			};
			name = Debug;
		};
		1D6058950D05DD3E006BFB54 /* Release */ = {
			isa = XCBuildConfiguration;
			buildSettings = {
				COPY_PHASE_STRIP = YES;
				DEBUG_INFORMATION_FORMAT = "dwarf-with-dsym";
				GCC_ENABLE_FIX_AND_CONTINUE = NO;
				GCC_PRECOMPILE_PREFIX_HEADER = YES;
				GCC_PREFIX_HEADER = SimpleDrillDown_Prefix.pch;
				INFOPLIST_FILE = Info.plist;
				INSTALL_PATH = /Applications;
				LIBRARY_SEARCH_PATHS = (
					"$(inherited)",
					/opt/local/lib,
					"\"$(SRCROOT)\"",
				);
				PREBINDING = NO;
				PRODUCT_NAME = ec2Phone;
				WRAPPER_EXTENSION = app;
			};
			name = Release;
		};
		C01FCF4F08A954540054247B /* Debug */ = {
			isa = XCBuildConfiguration;
			buildSettings = {
				ALWAYS_SEARCH_USER_PATHS = YES;
				ARCHS = "$(ARCHS_STANDARD_32_BIT)";
				"CODE_SIGN_IDENTITY[sdk=iphoneos*]" = "iPhone Developer";
				GCC_C_LANGUAGE_STANDARD = c99;
				GCC_VERSION = 4.0;
				GCC_WARN_ABOUT_RETURN_TYPE = YES;
				GCC_WARN_UNUSED_VARIABLE = YES;
				ONLY_ACTIVE_ARCH = YES;
				PREBINDING = NO;
				"PROVISIONING_PROFILE[sdk=iphoneos*]" = DefaultProfileUuid;
				SDKROOT = iphoneos2.1;
				USER_HEADER_SEARCH_PATHS = /opt/local/include;
			};
			name = Debug;
		};
		C01FCF5008A954540054247B /* Release */ = {
			isa = XCBuildConfiguration;
			buildSettings = {
				ALWAYS_SEARCH_USER_PATHS = YES;
				ARCHS = "$(ARCHS_STANDARD_32_BIT)";
				"CODE_SIGN_IDENTITY[sdk=iphoneos*]" = "iPhone Distribution: Eugene Marinelli";
				GCC_C_LANGUAGE_STANDARD = c99;
				GCC_VERSION = 4.0;
				GCC_WARN_ABOUT_RETURN_TYPE = YES;
				GCC_WARN_UNUSED_VARIABLE = YES;
				PREBINDING = NO;
				"PROVISIONING_PROFILE[sdk=iphoneos*]" = "FA7C6423-CBD8-4A4E-A9C5-503D2152942F";
				SDKROOT = iphoneos2.1;
				USER_HEADER_SEARCH_PATHS = /opt/local/include;
			};
			name = Release;
		};
		CE77F7A10F0973BF00F7B285 /* Distribution */ = {
			isa = XCBuildConfiguration;
			buildSettings = {
				ALWAYS_SEARCH_USER_PATHS = YES;
				ARCHS = "$(ARCHS_STANDARD_32_BIT)";
				CODE_SIGN_IDENTITY = "iPhone Developer: Eugene Marinelli";
				"CODE_SIGN_IDENTITY[sdk=iphoneos*]" = "iPhone Distribution: Eugene Marinelli";
				GCC_C_LANGUAGE_STANDARD = c99;
				GCC_VERSION = 4.0;
				GCC_WARN_ABOUT_RETURN_TYPE = YES;
				GCC_WARN_UNUSED_VARIABLE = YES;
				PREBINDING = NO;
				PROVISIONING_PROFILE = "9CABA39A-B487-48E2-AF70-63FC92316514";
				"PROVISIONING_PROFILE[sdk=iphoneos*]" = "FA7C6423-CBD8-4A4E-A9C5-503D2152942F";
				SDKROOT = iphoneos2.1;
				USER_HEADER_SEARCH_PATHS = /opt/local/include;
			};
			name = Distribution;
		};
		CE77F7A20F0973BF00F7B285 /* Distribution */ = {
			isa = XCBuildConfiguration;
			buildSettings = {
				CODE_SIGN_ENTITLEMENTS = Entitlements.plist;
				CODE_SIGN_IDENTITY = "iPhone Distribution: Eugene Marinelli";
				"CODE_SIGN_IDENTITY[sdk=iphoneos*]" = "iPhone Distribution: Eugene Marinelli";
				COPY_PHASE_STRIP = YES;
				DEBUG_INFORMATION_FORMAT = "dwarf-with-dsym";
				GCC_ENABLE_FIX_AND_CONTINUE = NO;
				GCC_PRECOMPILE_PREFIX_HEADER = YES;
				GCC_PREFIX_HEADER = SimpleDrillDown_Prefix.pch;
				INFOPLIST_FILE = Info.plist;
				INSTALL_PATH = /Applications;
				LIBRARY_SEARCH_PATHS = (
					"$(inherited)",
					/opt/local/lib,
					"\"$(SRCROOT)\"",
				);
				PREBINDING = NO;
				PRODUCT_NAME = ec2Phone;
				PROVISIONING_PROFILE = "FA7C6423-CBD8-4A4E-A9C5-503D2152942F";
				"PROVISIONING_PROFILE[sdk=iphoneos*]" = "FA7C6423-CBD8-4A4E-A9C5-503D2152942F";
				WRAPPER_EXTENSION = app;
			};
			name = Distribution;
		};
/* End XCBuildConfiguration section */

/* Begin XCConfigurationList section */
		1D6058960D05DD3E006BFB54 /* Build configuration list for PBXNativeTarget "ec2Phone" */ = {
			isa = XCConfigurationList;
			buildConfigurations = (
				1D6058940D05DD3E006BFB54 /* Debug */,
				1D6058950D05DD3E006BFB54 /* Release */,
				CE77F7A20F0973BF00F7B285 /* Distribution */,
			);
			defaultConfigurationIsVisible = 0;
			defaultConfigurationName = Release;
		};
		C01FCF4E08A954540054247B /* Build configuration list for PBXProject "SimpleDrillDown" */ = {
			isa = XCConfigurationList;
			buildConfigurations = (
				C01FCF4F08A954540054247B /* Debug */,
				C01FCF5008A954540054247B /* Release */,
				CE77F7A10F0973BF00F7B285 /* Distribution */,
			);
			defaultConfigurationIsVisible = 0;
			defaultConfigurationName = Release;
		};
/* End XCConfigurationList section */
	};
	rootObject = 29B97313FDCFA39411CA2CEA /* Project object */;
}
