// !$*UTF8*$!
{
	archiveVersion = 1;
	classes = {
	};
	objectVersion = 45;
	objects = {

/* Begin PBXBuildFile section */
		1D3623260D0F684500981E51 /* SimpleDrillDownAppDelegate.m in Sources */ = {isa = PBXBuildFile; fileRef = 1D3623250D0F684500981E51 /* SimpleDrillDownAppDelegate.m */; };
		1D3623EC0D0F72F000981E51 /* CoreGraphics.framework in Frameworks */ = {isa = PBXBuildFile; fileRef = 1D3623EB0D0F72F000981E51 /* CoreGraphics.framework */; };
		1D60589B0D05DD56006BFB54 /* main.m in Sources */ = {isa = PBXBuildFile; fileRef = 29B97316FDCFA39411CA2CEA /* main.m */; };
		1D60589F0D05DD5A006BFB54 /* Foundation.framework in Frameworks */ = {isa = PBXBuildFile; fileRef = 1D30AB110D05D00D00671497 /* Foundation.framework */; };
		1DF5F4E00D08C38300B7A737 /* UIKit.framework in Frameworks */ = {isa = PBXBuildFile; fileRef = 1DF5F4DF0D08C38300B7A737 /* UIKit.framework */; };
		282DE87B0D999CA700F5050D /* RootViewController.m in Sources */ = {isa = PBXBuildFile; fileRef = 282DE8790D999CA700F5050D /* RootViewController.m */; };
		2846CFC80DBFDD18009410C2 /* Localizable.strings in Resources */ = {isa = PBXBuildFile; fileRef = 2846CFC60DBFDD18009410C2 /* Localizable.strings */; };
		28554E2C0DAC293600168C19 /* Icon.png in Resources */ = {isa = PBXBuildFile; fileRef = 28554E2B0DAC293600168C19 /* Icon.png */; };
		28A0A2200DCBAA090060EDFB /* Default.png in Resources */ = {isa = PBXBuildFile; fileRef = 28A0A21F0DCBAA090060EDFB /* Default.png */; };
		53A3862B0E6DD89B002F7F09 /* MainWindow.xib in Resources */ = {isa = PBXBuildFile; fileRef = 53A386290E6DD89B002F7F09 /* MainWindow.xib */; };
		CE0033030F022E3A005C7943 /* SHA256.m in Sources */ = {isa = PBXBuildFile; fileRef = CE0033020F022E3A005C7943 /* SHA256.m */; };
		CE00336E0F02D828005C7943 /* libcrypto.0.9.8.dylib in Frameworks */ = {isa = PBXBuildFile; fileRef = CE00336D0F02D828005C7943 /* libcrypto.0.9.8.dylib */; };
		CED12B560EFEF5600083619D /* AddInstancesViewController.m in Sources */ = {isa = PBXBuildFile; fileRef = CED12B550EFEF5600083619D /* AddInstancesViewController.m */; };
		CED12B580EFEF59C0083619D /* AddInstancesView.xib in Resources */ = {isa = PBXBuildFile; fileRef = CED12B570EFEF59C0083619D /* AddInstancesView.xib */; };
		CED12BE50EFF05190083619D /* EC2DataController.m in Sources */ = {isa = PBXBuildFile; fileRef = CED12BE40EFF05190083619D /* EC2DataController.m */; };
		CED12FD00F00381D0083619D /* DetailCell.m in Sources */ = {isa = PBXBuildFile; fileRef = CED12FCF0F00381D0083619D /* DetailCell.m */; };
		CED1331C0F00BE980083619D /* ButtonCell.m in Sources */ = {isa = PBXBuildFile; fileRef = CED1331B0F00BE980083619D /* ButtonCell.m */; };
		CED498BC0EFB566E000D0551 /* InstanceGroupSetViewController.m in Sources */ = {isa = PBXBuildFile; fileRef = CED498BB0EFB566E000D0551 /* InstanceGroupSetViewController.m */; };
		CED499270EFB5ADA000D0551 /* InstanceGroupSetDataController.m in Sources */ = {isa = PBXBuildFile; fileRef = CED499260EFB5ADA000D0551 /* InstanceGroupSetDataController.m */; };
		CED4992C0EFB5B01000D0551 /* AWSAccount.m in Sources */ = {isa = PBXBuildFile; fileRef = CED4992B0EFB5B01000D0551 /* AWSAccount.m */; };
		CED4992F0EFB5BE8000D0551 /* EC2Instance.m in Sources */ = {isa = PBXBuildFile; fileRef = CED4992E0EFB5BE8000D0551 /* EC2Instance.m */; };
		CED499320EFB5C2A000D0551 /* EC2InstanceGroup.m in Sources */ = {isa = PBXBuildFile; fileRef = CED499310EFB5C2A000D0551 /* EC2InstanceGroup.m */; };
		CED49BDB0EFB84D9000D0551 /* InstanceGroupViewController.m in Sources */ = {isa = PBXBuildFile; fileRef = CED49BDA0EFB84D9000D0551 /* InstanceGroupViewController.m */; };
		CED49BE00EFB8523000D0551 /* InstanceGroupDataController.m in Sources */ = {isa = PBXBuildFile; fileRef = CED49BDF0EFB8523000D0551 /* InstanceGroupDataController.m */; };
		CED49D2F0EFB936A000D0551 /* InstanceViewController.m in Sources */ = {isa = PBXBuildFile; fileRef = CED49D2E0EFB936A000D0551 /* InstanceViewController.m */; };
		CED49F5C0EFC9398000D0551 /* up.png in Resources */ = {isa = PBXBuildFile; fileRef = CED49F5A0EFC9398000D0551 /* up.png */; };
		CED49F5D0EFC9398000D0551 /* down.png in Resources */ = {isa = PBXBuildFile; fileRef = CED49F5B0EFC9398000D0551 /* down.png */; };
		CED49FBA0EFC9761000D0551 /* AccountsController.m in Sources */ = {isa = PBXBuildFile; fileRef = CED49FB90EFC9761000D0551 /* AccountsController.m */; };
		CED4A11B0EFCA782000D0551 /* AddAccountView.xib in Resources */ = {isa = PBXBuildFile; fileRef = CED4A11A0EFCA782000D0551 /* AddAccountView.xib */; };
		CED4A1360EFCA9B0000D0551 /* AddAccountViewController.m in Sources */ = {isa = PBXBuildFile; fileRef = CED4A1350EFCA9B0000D0551 /* AddAccountViewController.m */; };
/* End PBXBuildFile section */

/* Begin PBXFileReference section */
		1D30AB110D05D00D00671497 /* Foundation.framework */ = {isa = PBXFileReference; lastKnownFileType = wrapper.framework; name = Foundation.framework; path = System/Library/Frameworks/Foundation.framework; sourceTree = SDKROOT; };
		1D3623240D0F684500981E51 /* SimpleDrillDownAppDelegate.h */ = {isa = PBXFileReference; fileEncoding = 4; lastKnownFileType = sourcecode.c.h; path = SimpleDrillDownAppDelegate.h; sourceTree = "<group>"; };
		1D3623250D0F684500981E51 /* SimpleDrillDownAppDelegate.m */ = {isa = PBXFileReference; fileEncoding = 4; lastKnownFileType = sourcecode.c.objc; path = SimpleDrillDownAppDelegate.m; sourceTree = "<group>"; };
		1D3623EB0D0F72F000981E51 /* CoreGraphics.framework */ = {isa = PBXFileReference; lastKnownFileType = wrapper.framework; name = CoreGraphics.framework; path = System/Library/Frameworks/CoreGraphics.framework; sourceTree = SDKROOT; };
		1D6058910D05DD3D006BFB54 /* SimpleDrillDown.app */ = {isa = PBXFileReference; explicitFileType = wrapper.application; includeInIndex = 0; path = SimpleDrillDown.app; sourceTree = BUILT_PRODUCTS_DIR; };
		1DF5F4DF0D08C38300B7A737 /* UIKit.framework */ = {isa = PBXFileReference; lastKnownFileType = wrapper.framework; name = UIKit.framework; path = System/Library/Frameworks/UIKit.framework; sourceTree = SDKROOT; };
		282DE8790D999CA700F5050D /* RootViewController.m */ = {isa = PBXFileReference; fileEncoding = 4; lastKnownFileType = sourcecode.c.objc; path = RootViewController.m; sourceTree = "<group>"; };
		282DE87A0D999CA700F5050D /* RootViewController.h */ = {isa = PBXFileReference; fileEncoding = 4; lastKnownFileType = sourcecode.c.h; path = RootViewController.h; sourceTree = "<group>"; };
		2846CFC70DBFDD18009410C2 /* en */ = {isa = PBXFileReference; fileEncoding = 10; lastKnownFileType = text.plist.strings; name = en; path = en.lproj/Localizable.strings; sourceTree = "<group>"; };
		28554E2B0DAC293600168C19 /* Icon.png */ = {isa = PBXFileReference; lastKnownFileType = image.png; path = Icon.png; sourceTree = "<group>"; };
		28A0A21F0DCBAA090060EDFB /* Default.png */ = {isa = PBXFileReference; lastKnownFileType = image.png; path = Default.png; sourceTree = "<group>"; };
		29B97316FDCFA39411CA2CEA /* main.m */ = {isa = PBXFileReference; fileEncoding = 4; lastKnownFileType = sourcecode.c.objc; path = main.m; sourceTree = "<group>"; };
		32CA4F630368D1EE00C91783 /* SimpleDrillDown_Prefix.pch */ = {isa = PBXFileReference; fileEncoding = 4; lastKnownFileType = sourcecode.c.h; path = SimpleDrillDown_Prefix.pch; sourceTree = "<group>"; };
		53A3862A0E6DD89B002F7F09 /* en */ = {isa = PBXFileReference; lastKnownFileType = file.xib; name = en; path = en.lproj/MainWindow.xib; sourceTree = "<group>"; };
		8D1107310486CEB800E47090 /* Info.plist */ = {isa = PBXFileReference; fileEncoding = 4; lastKnownFileType = text.plist.xml; path = Info.plist; sourceTree = "<group>"; };
		CE0033010F022E3A005C7943 /* SHA256.h */ = {isa = PBXFileReference; fileEncoding = 4; lastKnownFileType = sourcecode.c.h; path = SHA256.h; sourceTree = "<group>"; };
		CE0033020F022E3A005C7943 /* SHA256.m */ = {isa = PBXFileReference; fileEncoding = 4; lastKnownFileType = sourcecode.c.objc; path = SHA256.m; sourceTree = "<group>"; };
		CE00336D0F02D828005C7943 /* libcrypto.0.9.8.dylib */ = {isa = PBXFileReference; lastKnownFileType = "compiled.mach-o.dylib"; name = libcrypto.0.9.8.dylib; path = /opt/local/lib/libcrypto.0.9.8.dylib; sourceTree = "<absolute>"; };
		CED12B540EFEF5600083619D /* AddInstancesViewController.h */ = {isa = PBXFileReference; fileEncoding = 4; lastKnownFileType = sourcecode.c.h; path = AddInstancesViewController.h; sourceTree = "<group>"; };
		CED12B550EFEF5600083619D /* AddInstancesViewController.m */ = {isa = PBXFileReference; fileEncoding = 4; lastKnownFileType = sourcecode.c.objc; path = AddInstancesViewController.m; sourceTree = "<group>"; };
		CED12B570EFEF59C0083619D /* AddInstancesView.xib */ = {isa = PBXFileReference; lastKnownFileType = file.xib; path = AddInstancesView.xib; sourceTree = "<group>"; };
		CED12BE30EFF05190083619D /* EC2DataController.h */ = {isa = PBXFileReference; fileEncoding = 4; lastKnownFileType = sourcecode.c.h; path = EC2DataController.h; sourceTree = "<group>"; };
		CED12BE40EFF05190083619D /* EC2DataController.m */ = {isa = PBXFileReference; fileEncoding = 4; lastKnownFileType = sourcecode.c.objc; path = EC2DataController.m; sourceTree = "<group>"; };
		CED12FCE0F00381D0083619D /* DetailCell.h */ = {isa = PBXFileReference; fileEncoding = 4; lastKnownFileType = sourcecode.c.h; path = DetailCell.h; sourceTree = "<group>"; };
		CED12FCF0F00381D0083619D /* DetailCell.m */ = {isa = PBXFileReference; fileEncoding = 4; lastKnownFileType = sourcecode.c.objc; path = DetailCell.m; sourceTree = "<group>"; };
		CED1331A0F00BE980083619D /* ButtonCell.h */ = {isa = PBXFileReference; fileEncoding = 4; lastKnownFileType = sourcecode.c.h; path = ButtonCell.h; sourceTree = "<group>"; };
		CED1331B0F00BE980083619D /* ButtonCell.m */ = {isa = PBXFileReference; fileEncoding = 4; lastKnownFileType = sourcecode.c.objc; path = ButtonCell.m; sourceTree = "<group>"; };
		CED498BA0EFB566E000D0551 /* InstanceGroupSetViewController.h */ = {isa = PBXFileReference; fileEncoding = 4; lastKnownFileType = sourcecode.c.h; path = InstanceGroupSetViewController.h; sourceTree = "<group>"; };
		CED498BB0EFB566E000D0551 /* InstanceGroupSetViewController.m */ = {isa = PBXFileReference; fileEncoding = 4; lastKnownFileType = sourcecode.c.objc; path = InstanceGroupSetViewController.m; sourceTree = "<group>"; };
		CED499250EFB5ADA000D0551 /* InstanceGroupSetDataController.h */ = {isa = PBXFileReference; fileEncoding = 4; lastKnownFileType = sourcecode.c.h; path = InstanceGroupSetDataController.h; sourceTree = "<group>"; };
		CED499260EFB5ADA000D0551 /* InstanceGroupSetDataController.m */ = {isa = PBXFileReference; fileEncoding = 4; lastKnownFileType = sourcecode.c.objc; path = InstanceGroupSetDataController.m; sourceTree = "<group>"; };
		CED4992A0EFB5B01000D0551 /* AWSAccount.h */ = {isa = PBXFileReference; fileEncoding = 4; lastKnownFileType = sourcecode.c.h; path = AWSAccount.h; sourceTree = "<group>"; };
		CED4992B0EFB5B01000D0551 /* AWSAccount.m */ = {isa = PBXFileReference; fileEncoding = 4; lastKnownFileType = sourcecode.c.objc; path = AWSAccount.m; sourceTree = "<group>"; };
		CED4992D0EFB5BE8000D0551 /* EC2Instance.h */ = {isa = PBXFileReference; fileEncoding = 4; lastKnownFileType = sourcecode.c.h; path = EC2Instance.h; sourceTree = "<group>"; };
		CED4992E0EFB5BE8000D0551 /* EC2Instance.m */ = {isa = PBXFileReference; fileEncoding = 4; lastKnownFileType = sourcecode.c.objc; path = EC2Instance.m; sourceTree = "<group>"; };
		CED499300EFB5C2A000D0551 /* EC2InstanceGroup.h */ = {isa = PBXFileReference; fileEncoding = 4; lastKnownFileType = sourcecode.c.h; path = EC2InstanceGroup.h; sourceTree = "<group>"; };
		CED499310EFB5C2A000D0551 /* EC2InstanceGroup.m */ = {isa = PBXFileReference; fileEncoding = 4; lastKnownFileType = sourcecode.c.objc; path = EC2InstanceGroup.m; sourceTree = "<group>"; };
		CED49BD90EFB84D9000D0551 /* InstanceGroupViewController.h */ = {isa = PBXFileReference; fileEncoding = 4; lastKnownFileType = sourcecode.c.h; path = InstanceGroupViewController.h; sourceTree = "<group>"; };
		CED49BDA0EFB84D9000D0551 /* InstanceGroupViewController.m */ = {isa = PBXFileReference; fileEncoding = 4; lastKnownFileType = sourcecode.c.objc; path = InstanceGroupViewController.m; sourceTree = "<group>"; };
		CED49BDE0EFB8523000D0551 /* InstanceGroupDataController.h */ = {isa = PBXFileReference; fileEncoding = 4; lastKnownFileType = sourcecode.c.h; path = InstanceGroupDataController.h; sourceTree = "<group>"; };
		CED49BDF0EFB8523000D0551 /* InstanceGroupDataController.m */ = {isa = PBXFileReference; fileEncoding = 4; lastKnownFileType = sourcecode.c.objc; path = InstanceGroupDataController.m; sourceTree = "<group>"; };
		CED49D2D0EFB936A000D0551 /* InstanceViewController.h */ = {isa = PBXFileReference; fileEncoding = 4; lastKnownFileType = sourcecode.c.h; path = InstanceViewController.h; sourceTree = "<group>"; };
		CED49D2E0EFB936A000D0551 /* InstanceViewController.m */ = {isa = PBXFileReference; fileEncoding = 4; lastKnownFileType = sourcecode.c.objc; path = InstanceViewController.m; sourceTree = "<group>"; };
		CED49F5A0EFC9398000D0551 /* up.png */ = {isa = PBXFileReference; lastKnownFileType = image.png; path = up.png; sourceTree = "<group>"; };
		CED49F5B0EFC9398000D0551 /* down.png */ = {isa = PBXFileReference; lastKnownFileType = image.png; path = down.png; sourceTree = "<group>"; };
		CED49FB80EFC9761000D0551 /* AccountsController.h */ = {isa = PBXFileReference; fileEncoding = 4; lastKnownFileType = sourcecode.c.h; path = AccountsController.h; sourceTree = "<group>"; };
		CED49FB90EFC9761000D0551 /* AccountsController.m */ = {isa = PBXFileReference; fileEncoding = 4; lastKnownFileType = sourcecode.c.objc; path = AccountsController.m; sourceTree = "<group>"; };
		CED4A11A0EFCA782000D0551 /* AddAccountView.xib */ = {isa = PBXFileReference; lastKnownFileType = file.xib; path = AddAccountView.xib; sourceTree = "<group>"; };
		CED4A1340EFCA9B0000D0551 /* AddAccountViewController.h */ = {isa = PBXFileReference; fileEncoding = 4; lastKnownFileType = sourcecode.c.h; path = AddAccountViewController.h; sourceTree = "<group>"; };
		CED4A1350EFCA9B0000D0551 /* AddAccountViewController.m */ = {isa = PBXFileReference; fileEncoding = 4; lastKnownFileType = sourcecode.c.objc; path = AddAccountViewController.m; sourceTree = "<group>"; };
/* End PBXFileReference section */

/* Begin PBXFrameworksBuildPhase section */
		1D60588F0D05DD3D006BFB54 /* Frameworks */ = {
			isa = PBXFrameworksBuildPhase;
			buildActionMask = 2147483647;
			files = (
				1D60589F0D05DD5A006BFB54 /* Foundation.framework in Frameworks */,
				1DF5F4E00D08C38300B7A737 /* UIKit.framework in Frameworks */,
				1D3623EC0D0F72F000981E51 /* CoreGraphics.framework in Frameworks */,
				CE00336E0F02D828005C7943 /* libcrypto.0.9.8.dylib in Frameworks */,
			);
			runOnlyForDeploymentPostprocessing = 0;
		};
/* End PBXFrameworksBuildPhase section */

/* Begin PBXGroup section */
		080E96DDFE201D6D7F000001 /* Classes */ = {
			isa = PBXGroup;
			children = (
				CED1331A0F00BE980083619D /* ButtonCell.h */,
				CED1331B0F00BE980083619D /* ButtonCell.m */,
				CED12FCE0F00381D0083619D /* DetailCell.h */,
				CED12FCF0F00381D0083619D /* DetailCell.m */,
				CED49F860EFC9697000D0551 /* ViewControllers */,
				CED49F910EFC96C2000D0551 /* DataControllers */,
				CED12B5B0EFEF6DE0083619D /* EC2 */,
				1D3623240D0F684500981E51 /* SimpleDrillDownAppDelegate.h */,
				1D3623250D0F684500981E51 /* SimpleDrillDownAppDelegate.m */,
				CE0033010F022E3A005C7943 /* SHA256.h */,
				CE0033020F022E3A005C7943 /* SHA256.m */,
			);
			path = Classes;
			sourceTree = "<group>";
		};
		19C28FACFE9D520D11CA2CBB /* Products */ = {
			isa = PBXGroup;
			children = (
				1D6058910D05DD3D006BFB54 /* SimpleDrillDown.app */,
			);
			name = Products;
			sourceTree = "<group>";
		};
		29B97314FDCFA39411CA2CEA /* CustomTemplate */ = {
			isa = PBXGroup;
			children = (
				080E96DDFE201D6D7F000001 /* Classes */,
				29B97315FDCFA39411CA2CEA /* Other Sources */,
				29B97317FDCFA39411CA2CEA /* Resources */,
				29B97323FDCFA39411CA2CEA /* Frameworks */,
				19C28FACFE9D520D11CA2CBB /* Products */,
			);
			name = CustomTemplate;
			sourceTree = "<group>";
		};
		29B97315FDCFA39411CA2CEA /* Other Sources */ = {
			isa = PBXGroup;
			children = (
				32CA4F630368D1EE00C91783 /* SimpleDrillDown_Prefix.pch */,
				29B97316FDCFA39411CA2CEA /* main.m */,
			);
			name = "Other Sources";
			sourceTree = "<group>";
		};
		29B97317FDCFA39411CA2CEA /* Resources */ = {
			isa = PBXGroup;
			children = (
				53A386290E6DD89B002F7F09 /* MainWindow.xib */,
				28A0A21F0DCBAA090060EDFB /* Default.png */,
				CED49F5A0EFC9398000D0551 /* up.png */,
				CED49F5B0EFC9398000D0551 /* down.png */,
				28554E2B0DAC293600168C19 /* Icon.png */,
				8D1107310486CEB800E47090 /* Info.plist */,
				2846CFC60DBFDD18009410C2 /* Localizable.strings */,
				CED4A11A0EFCA782000D0551 /* AddAccountView.xib */,
				CED12B570EFEF59C0083619D /* AddInstancesView.xib */,
			);
			name = Resources;
			sourceTree = "<group>";
		};
		29B97323FDCFA39411CA2CEA /* Frameworks */ = {
			isa = PBXGroup;
			children = (
				CE00336D0F02D828005C7943 /* libcrypto.0.9.8.dylib */,
				1D3623EB0D0F72F000981E51 /* CoreGraphics.framework */,
				1DF5F4DF0D08C38300B7A737 /* UIKit.framework */,
				1D30AB110D05D00D00671497 /* Foundation.framework */,
			);
			name = Frameworks;
			sourceTree = "<group>";
		};
		CED12B5B0EFEF6DE0083619D /* EC2 */ = {
			isa = PBXGroup;
			children = (
				CED4992A0EFB5B01000D0551 /* AWSAccount.h */,
				CED4992B0EFB5B01000D0551 /* AWSAccount.m */,
				CED499300EFB5C2A000D0551 /* EC2InstanceGroup.h */,
				CED499310EFB5C2A000D0551 /* EC2InstanceGroup.m */,
				CED4992D0EFB5BE8000D0551 /* EC2Instance.h */,
				CED4992E0EFB5BE8000D0551 /* EC2Instance.m */,
			);
			name = EC2;
			sourceTree = "<group>";
		};
		CED49F860EFC9697000D0551 /* ViewControllers */ = {
			isa = PBXGroup;
			children = (
				282DE87A0D999CA700F5050D /* RootViewController.h */,
				282DE8790D999CA700F5050D /* RootViewController.m */,
				CED4A1340EFCA9B0000D0551 /* AddAccountViewController.h */,
				CED4A1350EFCA9B0000D0551 /* AddAccountViewController.m */,
				CED498BA0EFB566E000D0551 /* InstanceGroupSetViewController.h */,
				CED498BB0EFB566E000D0551 /* InstanceGroupSetViewController.m */,
				CED12B540EFEF5600083619D /* AddInstancesViewController.h */,
				CED12B550EFEF5600083619D /* AddInstancesViewController.m */,
				CED49BD90EFB84D9000D0551 /* InstanceGroupViewController.h */,
				CED49BDA0EFB84D9000D0551 /* InstanceGroupViewController.m */,
				CED49D2D0EFB936A000D0551 /* InstanceViewController.h */,
				CED49D2E0EFB936A000D0551 /* InstanceViewController.m */,
			);
			name = ViewControllers;
			sourceTree = "<group>";
		};
		CED49F910EFC96C2000D0551 /* DataControllers */ = {
			isa = PBXGroup;
			children = (
				CED49FB80EFC9761000D0551 /* AccountsController.h */,
				CED49FB90EFC9761000D0551 /* AccountsController.m */,
				CED499250EFB5ADA000D0551 /* InstanceGroupSetDataController.h */,
				CED499260EFB5ADA000D0551 /* InstanceGroupSetDataController.m */,
				CED49BDE0EFB8523000D0551 /* InstanceGroupDataController.h */,
				CED49BDF0EFB8523000D0551 /* InstanceGroupDataController.m */,
				CED12BE30EFF05190083619D /* EC2DataController.h */,
				CED12BE40EFF05190083619D /* EC2DataController.m */,
			);
			name = DataControllers;
			sourceTree = "<group>";
		};
/* End PBXGroup section */

/* Begin PBXNativeTarget section */
		1D6058900D05DD3D006BFB54 /* ec2Phone */ = {
			isa = PBXNativeTarget;
			buildConfigurationList = 1D6058960D05DD3E006BFB54 /* Build configuration list for PBXNativeTarget "ec2Phone" */;
			buildPhases = (
				1D60588D0D05DD3D006BFB54 /* Resources */,
				1D60588E0D05DD3D006BFB54 /* Sources */,
				1D60588F0D05DD3D006BFB54 /* Frameworks */,
			);
			buildRules = (
			);
			dependencies = (
			);
			name = ec2Phone;
			productName = SimpleDrillDown;
			productReference = 1D6058910D05DD3D006BFB54 /* SimpleDrillDown.app */;
			productType = "com.apple.product-type.application";
		};
/* End PBXNativeTarget section */

/* Begin PBXProject section */
		29B97313FDCFA39411CA2CEA /* Project object */ = {
			isa = PBXProject;
			buildConfigurationList = C01FCF4E08A954540054247B /* Build configuration list for PBXProject "SimpleDrillDown" */;
			compatibilityVersion = "Xcode 3.1";
			hasScannedForEncodings = 1;
			knownRegions = (
				English,
				Japanese,
				French,
				German,
				en,
			);
			mainGroup = 29B97314FDCFA39411CA2CEA /* CustomTemplate */;
			projectDirPath = "";
			projectRoot = "";
			targets = (
				1D6058900D05DD3D006BFB54 /* ec2Phone */,
			);
		};
/* End PBXProject section */

/* Begin PBXResourcesBuildPhase section */
		1D60588D0D05DD3D006BFB54 /* Resources */ = {
			isa = PBXResourcesBuildPhase;
			buildActionMask = 2147483647;
			files = (
				28554E2C0DAC293600168C19 /* Icon.png in Resources */,
				2846CFC80DBFDD18009410C2 /* Localizable.strings in Resources */,
				28A0A2200DCBAA090060EDFB /* Default.png in Resources */,
				53A3862B0E6DD89B002F7F09 /* MainWindow.xib in Resources */,
				CED49F5C0EFC9398000D0551 /* up.png in Resources */,
				CED49F5D0EFC9398000D0551 /* down.png in Resources */,
				CED4A11B0EFCA782000D0551 /* AddAccountView.xib in Resources */,
				CED12B580EFEF59C0083619D /* AddInstancesView.xib in Resources */,
			);
			runOnlyForDeploymentPostprocessing = 0;
		};
/* End PBXResourcesBuildPhase section */

/* Begin PBXSourcesBuildPhase section */
		1D60588E0D05DD3D006BFB54 /* Sources */ = {
			isa = PBXSourcesBuildPhase;
			buildActionMask = 2147483647;
			files = (
				1D60589B0D05DD56006BFB54 /* main.m in Sources */,
				1D3623260D0F684500981E51 /* SimpleDrillDownAppDelegate.m in Sources */,
				282DE87B0D999CA700F5050D /* RootViewController.m in Sources */,
				CED498BC0EFB566E000D0551 /* InstanceGroupSetViewController.m in Sources */,
				CED499270EFB5ADA000D0551 /* InstanceGroupSetDataController.m in Sources */,
				CED4992C0EFB5B01000D0551 /* AWSAccount.m in Sources */,
				CED4992F0EFB5BE8000D0551 /* EC2Instance.m in Sources */,
				CED499320EFB5C2A000D0551 /* EC2InstanceGroup.m in Sources */,
				CED49BDB0EFB84D9000D0551 /* InstanceGroupViewController.m in Sources */,
				CED49BE00EFB8523000D0551 /* InstanceGroupDataController.m in Sources */,
				CED49D2F0EFB936A000D0551 /* InstanceViewController.m in Sources */,
				CED49FBA0EFC9761000D0551 /* AccountsController.m in Sources */,
				CED4A1360EFCA9B0000D0551 /* AddAccountViewController.m in Sources */,
				CED12B560EFEF5600083619D /* AddInstancesViewController.m in Sources */,
				CED12BE50EFF05190083619D /* EC2DataController.m in Sources */,
				CED12FD00F00381D0083619D /* DetailCell.m in Sources */,
				CED1331C0F00BE980083619D /* ButtonCell.m in Sources */,
				CE0033030F022E3A005C7943 /* SHA256.m in Sources */,
			);
			runOnlyForDeploymentPostprocessing = 0;
		};
/* End PBXSourcesBuildPhase section */

/* Begin PBXVariantGroup section */
		2846CFC60DBFDD18009410C2 /* Localizable.strings */ = {
			isa = PBXVariantGroup;
			children = (
				2846CFC70DBFDD18009410C2 /* en */,
			);
			name = Localizable.strings;
			sourceTree = "<group>";
		};
		53A386290E6DD89B002F7F09 /* MainWindow.xib */ = {
			isa = PBXVariantGroup;
			children = (
				53A3862A0E6DD89B002F7F09 /* en */,
			);
			name = MainWindow.xib;
			sourceTree = "<group>";
		};
/* End PBXVariantGroup section */

/* Begin XCBuildConfiguration section */
		1D6058940D05DD3E006BFB54 /* Debug */ = {
			isa = XCBuildConfiguration;
			buildSettings = {
				COPY_PHASE_STRIP = NO;
				DEBUG_INFORMATION_FORMAT = "dwarf-with-dsym";
				GCC_DYNAMIC_NO_PIC = NO;
				GCC_ENABLE_FIX_AND_CONTINUE = NO;
				GCC_OPTIMIZATION_LEVEL = 0;
				GCC_PRECOMPILE_PREFIX_HEADER = YES;
				GCC_PREFIX_HEADER = SimpleDrillDown_Prefix.pch;
				INFOPLIST_FILE = Info.plist;
				LIBRARY_SEARCH_PATHS = (
					"$(inherited)",
					/opt/local/lib,
				);
				PREBINDING = NO;
				PRODUCT_NAME = SimpleDrillDown;
			};
			name = Debug;
		};
		1D6058950D05DD3E006BFB54 /* Release */ = {
			isa = XCBuildConfiguration;
			buildSettings = {
				COPY_PHASE_STRIP = YES;
				DEBUG_INFORMATION_FORMAT = "dwarf-with-dsym";
				GCC_ENABLE_FIX_AND_CONTINUE = NO;
				GCC_PRECOMPILE_PREFIX_HEADER = YES;
				GCC_PREFIX_HEADER = SimpleDrillDown_Prefix.pch;
				INFOPLIST_FILE = Info.plist;
				INSTALL_PATH = /Applications;
				LIBRARY_SEARCH_PATHS = (
					"$(inherited)",
					/opt/local/lib,
				);
				PREBINDING = NO;
				PRODUCT_NAME = SimpleDrillDown;
				WRAPPER_EXTENSION = app;
			};
			name = Release;
		};
		C01FCF4F08A954540054247B /* Debug */ = {
			isa = XCBuildConfiguration;
			buildSettings = {
				ALWAYS_SEARCH_USER_PATHS = YES;
				ARCHS = "$(ARCHS_STANDARD_32_BIT)";
				"CODE_SIGN_IDENTITY[sdk=iphoneos*]" = "iPhone Developer";
				GCC_C_LANGUAGE_STANDARD = c99;
				GCC_VERSION = 4.0;
				GCC_WARN_ABOUT_RETURN_TYPE = YES;
				GCC_WARN_UNUSED_VARIABLE = YES;
				ONLY_ACTIVE_ARCH = YES;
				PREBINDING = NO;
				SDKROOT = iphoneos2.0;
				USER_HEADER_SEARCH_PATHS = /opt/local/include;
			};
			name = Debug;
		};
		C01FCF5008A954540054247B /* Release */ = {
			isa = XCBuildConfiguration;
			buildSettings = {
				ALWAYS_SEARCH_USER_PATHS = NO;
				ARCHS = "$(ARCHS_STANDARD_32_BIT)";
				"CODE_SIGN_IDENTITY[sdk=iphoneos*]" = "iPhone Developer";
				GCC_C_LANGUAGE_STANDARD = c99;
				GCC_WARN_ABOUT_RETURN_TYPE = YES;
				GCC_WARN_UNUSED_VARIABLE = YES;
				PREBINDING = NO;
				SDKROOT = iphoneos2.0;
			};
			name = Release;
		};
/* End XCBuildConfiguration section */

/* Begin XCConfigurationList section */
		1D6058960D05DD3E006BFB54 /* Build configuration list for PBXNativeTarget "ec2Phone" */ = {
			isa = XCConfigurationList;
			buildConfigurations = (
				1D6058940D05DD3E006BFB54 /* Debug */,
				1D6058950D05DD3E006BFB54 /* Release */,
			);
			defaultConfigurationIsVisible = 0;
			defaultConfigurationName = Release;
		};
		C01FCF4E08A954540054247B /* Build configuration list for PBXProject "SimpleDrillDown" */ = {
			isa = XCConfigurationList;
			buildConfigurations = (
				C01FCF4F08A954540054247B /* Debug */,
				C01FCF5008A954540054247B /* Release */,
			);
			defaultConfigurationIsVisible = 0;
			defaultConfigurationName = Release;
		};
/* End XCConfigurationList section */
	};
	rootObject = 29B97313FDCFA39411CA2CEA /* Project object */;
}
